schema: '2.0'
stages:
  prepare:
    cmd: python src/prepare.py
    deps:
    - path: src/prepare.py
      hash: md5
      md5: 607fa93100c0208b03c93a729b67b03c
      size: 546
    outs:
    - path: data/raw
      hash: md5
      md5: 23b0000338669d2c61217dbd94633aa0.dir
      size: 54950512
      nfiles: 4
  preprocess:
    cmd: python src/preprocess.py
    deps:
    - path: data/raw
      hash: md5
      md5: 23b0000338669d2c61217dbd94633aa0.dir
      size: 54950512
      nfiles: 4
    - path: src/preprocess.py
      hash: md5
      md5: 0455c66ce3145979f8c82fdd5cc46c66
      size: 1118
    params:
      params.yaml:
        preprocess.seed: 42
        preprocess.test_size: 0.2
    outs:
    - path: data/processed
      hash: md5
      md5: 357265f90b4fa876bf2510ff78a761b6.dir
      size: 219590768
      nfiles: 6
  train:
    cmd: python src/train.py
    deps:
    - path: data/processed
      hash: md5
      md5: eeb8cf242a713e05d8e689a1ad558025.dir
      size: 219590768
      nfiles: 6
    - path: src/train.py
      hash: md5
      md5: 38e491e85319125b725a585ab8fe7c9e
      size: 1402
    params:
      params.yaml:
        train:
          dense_units: 256
          dropout_rate: 0.2
          learning_rate: 0.001
          epochs: 10
          batch_size: 64
          seed: 42
    outs:
    - path: models
      hash: md5
      md5: 73d307facba6ffebfc4d3bc0623fc9c5.dir
      size: 2467735
      nfiles: 2
  evaluate:
    cmd: python src/evaluate.py
    deps:
    - path: data/processed/x_test.npy
      hash: md5
      md5: b2ec522e81e966822712b8ecf0af1412
      size: 31360128
    - path: data/processed/y_test.npy
      hash: md5
      md5: e6d24ffff98bc973b3c14df1b4a56631
      size: 10128
    - path: models/model.h5
      hash: md5
      md5: a460808a1bba9dc54f1ecfd507030a09
      size: 2466904
    - path: src/evaluate.py
      hash: md5
      md5: a33f93c9cd6bc0aa4a7749ff1807ff5d
      size: 1226
    outs:
    - path: metrics.json
      hash: md5
      md5: 6b195f27a87784a0e2d267c3b0b70409
      size: 76
    - path: reports/confusion_matrix.png
      hash: md5
      md5: 4367593b390b1411c9b3363ebf438b2b
      size: 68274
