schema: '2.0'
stages:
  prepare:
    cmd: python src/prepare.py
    deps:
    - path: src/prepare.py
      hash: md5
      md5: 607fa93100c0208b03c93a729b67b03c
      size: 546
    outs:
    - path: data/raw
      hash: md5
      md5: 23b0000338669d2c61217dbd94633aa0.dir
      size: 54950512
      nfiles: 4
  preprocess:
    cmd: python src/preprocess.py
    deps:
    - path: data/raw
      hash: md5
      md5: 23b0000338669d2c61217dbd94633aa0.dir
      size: 54950512
      nfiles: 4
    - path: src/preprocess.py
      hash: md5
      md5: 7997de59df228251201e8018553be2b8
      size: 1228
    params:
      params.yaml:
        preprocess.seed: 42
        preprocess.test_size: 0.2
    outs:
    - path: data/processed
      hash: md5
      md5: 0bcedb5bd93ceb8d3fbd7bbb956ad3c8.dir
      size: 219590768
      nfiles: 6
  train:
    cmd: python src/train.py
    deps:
    - path: data/processed
      hash: md5
      md5: 0bcedb5bd93ceb8d3fbd7bbb956ad3c8.dir
      size: 219590768
      nfiles: 6
    - path: src/train.py
      hash: md5
      md5: 38e491e85319125b725a585ab8fe7c9e
      size: 1402
    params:
      params.yaml:
        train:
          dense_units: 256
          dropout_rate: 0.2
          learning_rate: 0.001
          epochs: 10
          batch_size: 64
          seed: 42
    outs:
    - path: models
      hash: md5
      md5: 05d9b9b3082d5dc187f45c3623c446d2.dir
      size: 2467732
      nfiles: 2
  evaluate:
    cmd: python src/evaluate.py
    deps:
    - path: data/processed/x_test.npy
      hash: md5
      md5: afd034b0778f53f7a264b10db1eea7d1
      size: 31360128
    - path: data/processed/y_test.npy
      hash: md5
      md5: e6d24ffff98bc973b3c14df1b4a56631
      size: 10128
    - path: models/model.h5
      hash: md5
      md5: cb72fab3667494f4bfa602c70912219d
      size: 2466904
    - path: src/evaluate.py
      hash: md5
      md5: a33f93c9cd6bc0aa4a7749ff1807ff5d
      size: 1226
    outs:
    - path: metrics.json
      hash: md5
      md5: 7e5b1d60ce1bf64af7be333d78bb1121
      size: 76
    - path: reports/confusion_matrix.png
      hash: md5
      md5: 19286d8ca443523c332ad324b93730a6
      size: 69022
